
Microsoft Visual Studio Solution File, Format Version 12.00
# Visual Studio 15
VisualStudioVersion = 15.0.28307.329
MinimumVisualStudioVersion = 10.0.40219.1
Project("{FAE04EC0-301F-11D3-BF4B-00C04F79EFBC}") = "OBGeometri", "OBGeometri\OBGeometri.csproj", "{717725DA-38AE-42E8-8208-280516F7312E}"
EndProject
Global
	GlobalSection(SolutionConfigurationPlatforms) = preSolution
		Debug|Any CPU = Debug|Any CPU
		Release|Any CPU = Release|Any CPU
	EndGlobalSection
	GlobalSection(ProjectConfigurationPlatforms) = postSolution
		{717725DA-38AE-42E8-8208-280516F7312E}.Debug|Any CPU.ActiveCfg = Debug|Any CPU
		{717725DA-38AE-42E8-8208-280516F7312E}.Debug|Any CPU.Build.0 = Debug|Any CPU
		{717725DA-38AE-42E8-8208-280516F7312E}.Release|Any CPU.ActiveCfg = Release|Any CPU
		{717725DA-38AE-42E8-8208-280516F7312E}.Release|Any CPU.Build.0 = Release|Any CPU
	EndGlobalSection
	GlobalSection(SolutionProperties) = preSolution
		HideSolutionNode = FALSE
	EndGlobalSection
	GlobalSection(ExtensibilityGlobals) = postSolution
		SolutionGuid = {4BA31E97-326F-4A33-944E-8532BABBD2B1}
	EndGlobalSection
EndGlobal
