
Microsoft Visual Studio Solution File, Format Version 12.00
# Visual Studio 15
VisualStudioVersion = 15.0.28307.329
MinimumVisualStudioVersion = 10.0.40219.1
Project("{FAE04EC0-301F-11D3-BF4B-00C04F79EFBC}") = "OOP FIFO", "OOP FIFO\OOP FIFO.csproj", "{4D0B7357-5B50-4197-9154-EE86F2D7B93C}"
EndProject
Global
	GlobalSection(SolutionConfigurationPlatforms) = preSolution
		Debug|Any CPU = Debug|Any CPU
		Release|Any CPU = Release|Any CPU
	EndGlobalSection
	GlobalSection(ProjectConfigurationPlatforms) = postSolution
		{4D0B7357-5B50-4197-9154-EE86F2D7B93C}.Debug|Any CPU.ActiveCfg = Debug|Any CPU
		{4D0B7357-5B50-4197-9154-EE86F2D7B93C}.Debug|Any CPU.Build.0 = Debug|Any CPU
		{4D0B7357-5B50-4197-9154-EE86F2D7B93C}.Release|Any CPU.ActiveCfg = Release|Any CPU
		{4D0B7357-5B50-4197-9154-EE86F2D7B93C}.Release|Any CPU.Build.0 = Release|Any CPU
	EndGlobalSection
	GlobalSection(SolutionProperties) = preSolution
		HideSolutionNode = FALSE
	EndGlobalSection
	GlobalSection(ExtensibilityGlobals) = postSolution
		SolutionGuid = {A62C38A1-63EA-4FDD-8D8E-A9A2B3749307}
	EndGlobalSection
EndGlobal
